{
  "object": {
    "pins": [
      {
        "package": "TwitterAPIKit",
        "repositoryURL": "https://github.com/mironal/TwitterAPIKit",
        "state": {
          "branch": null,
          "revision": "69f40436aa0b4cf451da9a6c0d1578be4a19989b",
          "version": "0.0.13"
        }
      }
    ]
  },
  "version": 1
}
