{
  "pins" : [
    {
      "identity" : "twitterapikit",
      "kind" : "remoteSourceControl",
      "location" : "https://github.com/mironal/TwitterAPIKit",
      "state" : {
        "revision" : "d6086acfe507e6fd9710a65c1b2f42ae331a6384",
        "version" : "0.1.0"
      }
    }
  ],
  "version" : 2
}
